<?xml version="1.0" encoding="utf-8"?>
<Project ToolsVersion="4.0" xmlns="http://schemas.microsoft.com/developer/msbuild/2003">
  <ItemGroup>
    <Filter Include="Source Files">
      <UniqueIdentifier>{4FC737F1-C7A5-4376-A066-2A32D752A2FF}</UniqueIdentifier>
      <Extensions>cpp;c;cc;cxx;c++;cppm;ixx;def;odl;idl;hpj;bat;asm;asmx</Extensions>
    </Filter>
    <Filter Include="Header Files">
      <UniqueIdentifier>{93995380-89BD-4b04-88EB-625FBE52EBFB}</UniqueIdentifier>
      <Extensions>h;hh;hpp;hxx;h++;hm;inl;inc;ipp;xsd</Extensions>
    </Filter>
    <Filter Include="Resource Files">
      <UniqueIdentifier>{67DA6AB6-F800-4c08-8B7A-83BB121AAD01}</UniqueIdentifier>
      <Extensions>rc;ico;cur;bmp;dlg;rc2;rct;bin;rgs;gif;jpg;jpeg;jpe;resx;tiff;tif;png;wav;mfcribbon-ms</Extensions>
    </Filter>
  </ItemGroup>
  <ItemGroup>
    <ClInclude Include="libraries\ArduinoLog\ArduinoLog.h">
      <Filter>Header Files</Filter>
    </ClInclude>
    <ClInclude Include="networking.h">
      <Filter>Header Files</Filter>
    </ClInclude>
    <ClInclude Include="config.h">
      <Filter>Header Files</Filter>
    </ClInclude>
    <ClInclude Include="esp32SysConfig.h">
      <Filter>Header Files</Filter>
    </ClInclude>
    <ClInclude Include="panic.h">
      <Filter>Header Files</Filter>
    </ClInclude>
    <ClInclude Include="pinout.h">
      <Filter>Header Files</Filter>
    </ClInclude>
    <ClInclude Include="logHelpers.h">
      <Filter>Header Files</Filter>
    </ClInclude>
    <ClInclude Include="rc.h">
      <Filter>Header Files</Filter>
    </ClInclude>
    <ClInclude Include="systemState.h">
      <Filter>Header Files</Filter>
    </ClInclude>
    <ClInclude Include="decoder.h">
      <Filter>Header Files</Filter>
    </ClInclude>
    <ClInclude Include="mqtt.h">
      <Filter>Header Files</Filter>
    </ClInclude>
    <ClInclude Include="mqttTopics.h">
      <Filter>Header Files</Filter>
    </ClInclude>
    <ClInclude Include="strHelpers.h">
      <Filter>Header Files</Filter>
    </ClInclude>
    <ClInclude Include="xmlHelpers.h">
      <Filter>Header Files</Filter>
    </ClInclude>
    <ClInclude Include="libraries\pubsubclient\src\PubSubClient.h">
      <Filter>Header Files</Filter>
    </ClInclude>
    <ClInclude Include="libraries\QList\src\QList.h">
      <Filter>Header Files</Filter>
    </ClInclude>
    <ClInclude Include="libraries\tinyxml2\tinyxml2.h">
      <Filter>Header Files</Filter>
    </ClInclude>
    <ClInclude Include="satLink.h">
      <Filter>Header Files</Filter>
    </ClInclude>
    <ClInclude Include="lgLink.h">
      <Filter>Header Files</Filter>
    </ClInclude>
    <ClInclude Include="libraries\Adafruit_NeoPixel\Adafruit_NeoPixel.h">
      <Filter>Header Files</Filter>
    </ClInclude>
    <ClInclude Include="flash.h">
      <Filter>Header Files</Filter>
    </ClInclude>
    <ClInclude Include="signalMastAspects.h">
      <Filter>Header Files</Filter>
    </ClInclude>
    <ClInclude Include="lgBase.h">
      <Filter>Header Files</Filter>
    </ClInclude>
    <ClInclude Include="lgSignalMast.h">
      <Filter>Header Files</Filter>
    </ClInclude>
    <ClInclude Include="sat.h">
      <Filter>Header Files</Filter>
    </ClInclude>
    <ClInclude Include="senseBase.h">
      <Filter>Header Files</Filter>
    </ClInclude>
    <ClInclude Include="senseDigital.h">
      <Filter>Header Files</Filter>
    </ClInclude>
    <ClInclude Include="actBase.h">
      <Filter>Header Files</Filter>
    </ClInclude>
    <ClInclude Include="actTurn.h">
      <Filter>Header Files</Filter>
    </ClInclude>
    <ClInclude Include="actLight.h">
      <Filter>Header Files</Filter>
    </ClInclude>
    <ClInclude Include="actMem.h">
      <Filter>Header Files</Filter>
    </ClInclude>
    <ClInclude Include="..\..\..\..\genericIOSatellite\LIB\src\Satelite.h">
      <Filter>Header Files</Filter>
    </ClInclude>
    <ClInclude Include="cliCore.h">
      <Filter>Header Files</Filter>
    </ClInclude>
    <ClInclude Include="cliGlobalDefinitions.h">
      <Filter>Header Files</Filter>
    </ClInclude>
    <ClInclude Include="telnetCore.h">
      <Filter>Header Files</Filter>
    </ClInclude>
    <ClInclude Include="version.h">
      <Filter>Header Files</Filter>
    </ClInclude>
    <ClInclude Include="globalCli.h">
      <Filter>Header Files</Filter>
    </ClInclude>
    <ClInclude Include="__vm\.genJMRIDecoderClient.vsarduino.h">
      <Filter>Header Files</Filter>
    </ClInclude>
    <ClInclude Include="libraries\SimpleCLI\src\SimpleCLI.h">
      <Filter>Header Files</Filter>
    </ClInclude>
    <ClInclude Include="libraries\SimpleCLI\src\Command.h">
      <Filter>Header Files</Filter>
    </ClInclude>
    <ClInclude Include="libraries\SimpleCLI\src\CommandError.h">
      <Filter>Header Files</Filter>
    </ClInclude>
    <ClInclude Include="libraries\SimpleCLI\src\Argument.h">
      <Filter>Header Files</Filter>
    </ClInclude>
    <ClInclude Include="libraries\SimpleCLI\src\StringCLI.h">
      <Filter>Header Files</Filter>
    </ClInclude>
    <ClInclude Include="libraries\SimpleCLI\src\c\arg.h">
      <Filter>Header Files</Filter>
    </ClInclude>
    <ClInclude Include="libraries\SimpleCLI\src\c\arg_types.h">
      <Filter>Header Files</Filter>
    </ClInclude>
    <ClInclude Include="libraries\SimpleCLI\src\c\cmd.h">
      <Filter>Header Files</Filter>
    </ClInclude>
    <ClInclude Include="libraries\SimpleCLI\src\c\cmd_error.h">
      <Filter>Header Files</Filter>
    </ClInclude>
    <ClInclude Include="libraries\SimpleCLI\src\c\cmd_error_types.h">
      <Filter>Header Files</Filter>
    </ClInclude>
    <ClInclude Include="libraries\SimpleCLI\src\c\cmd_types.h">
      <Filter>Header Files</Filter>
    </ClInclude>
    <ClInclude Include="libraries\SimpleCLI\src\c\comparator.h">
      <Filter>Header Files</Filter>
    </ClInclude>
    <ClInclude Include="libraries\SimpleCLI\src\c\parser.h">
      <Filter>Header Files</Filter>
    </ClInclude>
    <ClInclude Include="libraries\SimpleCLI\src\c\parser_types.h">
      <Filter>Header Files</Filter>
    </ClInclude>
    <ClInclude Include="libraries\ESPTelnet\src\ESPTelnet.h">
      <Filter>Header Files</Filter>
    </ClInclude>
    <ClInclude Include="cpu.h">
      <Filter>Header Files</Filter>
    </ClInclude>
    <ClInclude Include="wdt.h">
      <Filter>Header Files</Filter>
    </ClInclude>
    <ClInclude Include="genJMRIDecoderClient.h">
      <Filter>Header Files</Filter>
    </ClInclude>
  </ItemGroup>
  <ItemGroup>
    <ClCompile Include="libraries\ArduinoLog\ArduinoLog.cpp">
      <Filter>Source Files</Filter>
    </ClCompile>
    <ClCompile Include="networking.cpp">
      <Filter>Source Files</Filter>
    </ClCompile>
    <ClCompile Include="panic.cpp">
      <Filter>Source Files</Filter>
    </ClCompile>
    <ClCompile Include="logHelpers.cpp">
      <Filter>Source Files</Filter>
    </ClCompile>
    <ClCompile Include="decoder.cpp">
      <Filter>Source Files</Filter>
    </ClCompile>
    <ClCompile Include="mqtt.cpp">
      <Filter>Source Files</Filter>
    </ClCompile>
    <ClCompile Include="strHelpers.cpp">
      <Filter>Source Files</Filter>
    </ClCompile>
    <ClCompile Include="xmlHelpers.cpp">
      <Filter>Source Files</Filter>
    </ClCompile>
    <ClCompile Include="systemState.cpp">
      <Filter>Source Files</Filter>
    </ClCompile>
    <ClCompile Include="libraries\pubsubclient\src\PubSubClient.cpp">
      <Filter>Source Files</Filter>
    </ClCompile>
    <ClCompile Include="libraries\tinyxml2\tinyxml2.cpp">
      <Filter>Source Files</Filter>
    </ClCompile>
    <ClCompile Include="lgLink.cpp">
      <Filter>Source Files</Filter>
    </ClCompile>
    <ClCompile Include="libraries\Adafruit_NeoPixel\Adafruit_NeoPixel.cpp">
      <Filter>Source Files</Filter>
    </ClCompile>
    <ClCompile Include="flash.cpp">
      <Filter>Source Files</Filter>
    </ClCompile>
    <ClCompile Include="signalMastAspects.cpp">
      <Filter>Source Files</Filter>
    </ClCompile>
    <ClCompile Include="lgBase.cpp">
      <Filter>Source Files</Filter>
    </ClCompile>
    <ClCompile Include="lgSignalMast.cpp">
      <Filter>Source Files</Filter>
    </ClCompile>
    <ClCompile Include="satLink.cpp">
      <Filter>Source Files</Filter>
    </ClCompile>
    <ClCompile Include="sat.cpp">
      <Filter>Source Files</Filter>
    </ClCompile>
    <ClCompile Include="senseBase.cpp">
      <Filter>Source Files</Filter>
    </ClCompile>
    <ClCompile Include="senseDigital.cpp">
      <Filter>Source Files</Filter>
    </ClCompile>
    <ClCompile Include="actBase.cpp">
      <Filter>Source Files</Filter>
    </ClCompile>
    <ClCompile Include="actTurn.cpp">
      <Filter>Source Files</Filter>
    </ClCompile>
    <ClCompile Include="actLight.cpp">
      <Filter>Source Files</Filter>
    </ClCompile>
    <ClCompile Include="actMem.cpp">
      <Filter>Source Files</Filter>
    </ClCompile>
    <ClCompile Include="..\..\..\..\genericIOSatellite\LIB\src\Satelite.cpp">
      <Filter>Source Files</Filter>
    </ClCompile>
    <ClCompile Include="globalCli.cpp">
      <Filter>Source Files</Filter>
    </ClCompile>
    <ClCompile Include="cliCore.cpp">
      <Filter>Source Files</Filter>
    </ClCompile>
    <ClCompile Include="telnetCore.cpp">
      <Filter>Source Files</Filter>
    </ClCompile>
    <ClCompile Include="libraries\SimpleCLI\src\SimpleCLI.cpp">
      <Filter>Source Files</Filter>
    </ClCompile>
    <ClCompile Include="libraries\SimpleCLI\src\Command.cpp">
      <Filter>Source Files</Filter>
    </ClCompile>
    <ClCompile Include="libraries\SimpleCLI\src\CommandError.cpp">
      <Filter>Source Files</Filter>
    </ClCompile>
    <ClCompile Include="libraries\SimpleCLI\src\c\arg.c">
      <Filter>Source Files</Filter>
    </ClCompile>
    <ClCompile Include="libraries\SimpleCLI\src\c\cmd.c">
      <Filter>Source Files</Filter>
    </ClCompile>
    <ClCompile Include="libraries\SimpleCLI\src\c\cmd_error.c">
      <Filter>Source Files</Filter>
    </ClCompile>
    <ClCompile Include="libraries\SimpleCLI\src\c\comparator.c">
      <Filter>Source Files</Filter>
    </ClCompile>
    <ClCompile Include="libraries\SimpleCLI\src\c\parser.c">
      <Filter>Source Files</Filter>
    </ClCompile>
    <ClCompile Include="libraries\SimpleCLI\src\Argument.cpp">
      <Filter>Source Files</Filter>
    </ClCompile>
    <ClCompile Include="libraries\ESPTelnet\src\ESPTelnet.cpp">
      <Filter>Source Files</Filter>
    </ClCompile>
    <ClCompile Include="cpu.cpp">
      <Filter>Source Files</Filter>
    </ClCompile>
    <ClCompile Include="wdt.cpp">
      <Filter>Source Files</Filter>
    </ClCompile>
    <ClCompile Include="genJMRIDecoderClient.ino">
      <Filter>Source Files</Filter>
    </ClCompile>
  </ItemGroup>
</Project>